
Microsoft Visual Studio Solution File, Format Version 12.00
# Visual Studio Version 16
VisualStudioVersion = 16.0.29409.12
MinimumVisualStudioVersion = 10.0.40219.1
Project("{FAE04EC0-301F-11D3-BF4B-00C04F79EFBC}") = "PigLatinLab", "PigLatinLab\PigLatinLab.csproj", "{C7EA4378-8E83-4904-A532-8F1D0153EC74}"
EndProject
Global
	GlobalSection(SolutionConfigurationPlatforms) = preSolution
		Debug|Any CPU = Debug|Any CPU
		Release|Any CPU = Release|Any CPU
	EndGlobalSection
	GlobalSection(ProjectConfigurationPlatforms) = postSolution
		{C7EA4378-8E83-4904-A532-8F1D0153EC74}.Debug|Any CPU.ActiveCfg = Debug|Any CPU
		{C7EA4378-8E83-4904-A532-8F1D0153EC74}.Debug|Any CPU.Build.0 = Debug|Any CPU
		{C7EA4378-8E83-4904-A532-8F1D0153EC74}.Release|Any CPU.ActiveCfg = Release|Any CPU
		{C7EA4378-8E83-4904-A532-8F1D0153EC74}.Release|Any CPU.Build.0 = Release|Any CPU
	EndGlobalSection
	GlobalSection(SolutionProperties) = preSolution
		HideSolutionNode = FALSE
	EndGlobalSection
	GlobalSection(ExtensibilityGlobals) = postSolution
		SolutionGuid = {1C2DE611-90FD-4C38-A956-E4D500EA812D}
	EndGlobalSection
EndGlobal
